Microsoft Visual Studio Solution File, Format Version 11.00
# Visual Studio 2008

Project("{90007758-9780-A858-0223-D10E2FED58E2}") = "TCP-IP connection", "Assembly-CSharp.csproj", "{0A6C4198-81A8-764C-0E3C-E700A0820BF3}"
EndProject
Global
	GlobalSection(SolutionConfigurationPlatforms) = preSolution
		Debug|Any CPU = Debug|Any CPU
		Release|Any CPU = Release|Any CPU
	EndGlobalSection
	GlobalSection(ProjectConfigurationPlatforms) = postSolution
		{0A6C4198-81A8-764C-0E3C-E700A0820BF3}.Debug|Any CPU.ActiveCfg = Debug|Any CPU
		{0A6C4198-81A8-764C-0E3C-E700A0820BF3}.Debug|Any CPU.Build.0 = Debug|Any CPU
		{0A6C4198-81A8-764C-0E3C-E700A0820BF3}.Release|Any CPU.ActiveCfg = Release|Any CPU
		{0A6C4198-81A8-764C-0E3C-E700A0820BF3}.Release|Any CPU.Build.0 = Release|Any CPU
	EndGlobalSection
	GlobalSection(SolutionProperties) = preSolution
		HideSolutionNode = FALSE
	EndGlobalSection
	GlobalSection(MonoDevelopProperties) = preSolution
		StartupItem = Assembly-CSharp.csproj
	EndGlobalSection
EndGlobal
